
Microsoft Visual Studio Solution File, Format Version 12.00
# Visual Studio 2012
Project("{FAE04EC0-301F-11D3-BF4B-00C04F79EFBC}") = "JustGiving", "JustGiving\JustGiving.csproj", "{1795E7BA-3B1B-4497-B81D-36A21E369137}"
EndProject
Project("{FAE04EC0-301F-11D3-BF4B-00C04F79EFBC}") = "JustGiving.Tests", "JustGiving.Tests\JustGiving.Tests.csproj", "{3191EDF9-8689-42E9-9930-F24156C5AEB7}"
EndProject
Project("{FAE04EC0-301F-11D3-BF4B-00C04F79EFBC}") = "JustGiving.WebAPI", "JustGiving.WebAPI\JustGiving.WebAPI.csproj", "{41E28675-DA35-4C69-B084-13A900D30248}"
EndProject
Global
	GlobalSection(SolutionConfigurationPlatforms) = preSolution
		Debug|Any CPU = Debug|Any CPU
		Release|Any CPU = Release|Any CPU
	EndGlobalSection
	GlobalSection(ProjectConfigurationPlatforms) = postSolution
		{1795E7BA-3B1B-4497-B81D-36A21E369137}.Debug|Any CPU.ActiveCfg = Debug|Any CPU
		{1795E7BA-3B1B-4497-B81D-36A21E369137}.Debug|Any CPU.Build.0 = Debug|Any CPU
		{1795E7BA-3B1B-4497-B81D-36A21E369137}.Release|Any CPU.ActiveCfg = Release|Any CPU
		{1795E7BA-3B1B-4497-B81D-36A21E369137}.Release|Any CPU.Build.0 = Release|Any CPU
		{3191EDF9-8689-42E9-9930-F24156C5AEB7}.Debug|Any CPU.ActiveCfg = Debug|Any CPU
		{3191EDF9-8689-42E9-9930-F24156C5AEB7}.Debug|Any CPU.Build.0 = Debug|Any CPU
		{3191EDF9-8689-42E9-9930-F24156C5AEB7}.Release|Any CPU.ActiveCfg = Release|Any CPU
		{3191EDF9-8689-42E9-9930-F24156C5AEB7}.Release|Any CPU.Build.0 = Release|Any CPU
		{41E28675-DA35-4C69-B084-13A900D30248}.Debug|Any CPU.ActiveCfg = Debug|Any CPU
		{41E28675-DA35-4C69-B084-13A900D30248}.Debug|Any CPU.Build.0 = Debug|Any CPU
		{41E28675-DA35-4C69-B084-13A900D30248}.Release|Any CPU.ActiveCfg = Release|Any CPU
		{41E28675-DA35-4C69-B084-13A900D30248}.Release|Any CPU.Build.0 = Release|Any CPU
	EndGlobalSection
EndGlobal
